
Microsoft Visual Studio Solution File, Format Version 12.00
# Visual Studio 14
VisualStudioVersion = 14.0.23107.0
MinimumVisualStudioVersion = 10.0.40219.1
Project("{F184B08F-C81C-45F6-A57F-5ABD9991F28F}") = "SkeletonCode2017", "SkeletonCode2017\SkeletonCode2017.vbproj", "{32EB06D9-38F6-4445-A796-E39A3F2D582D}"
EndProject
Global
	GlobalSection(SolutionConfigurationPlatforms) = preSolution
		Debug|Any CPU = Debug|Any CPU
		Release|Any CPU = Release|Any CPU
	EndGlobalSection
	GlobalSection(ProjectConfigurationPlatforms) = postSolution
		{32EB06D9-38F6-4445-A796-E39A3F2D582D}.Debug|Any CPU.ActiveCfg = Debug|Any CPU
		{32EB06D9-38F6-4445-A796-E39A3F2D582D}.Debug|Any CPU.Build.0 = Debug|Any CPU
		{32EB06D9-38F6-4445-A796-E39A3F2D582D}.Release|Any CPU.ActiveCfg = Release|Any CPU
		{32EB06D9-38F6-4445-A796-E39A3F2D582D}.Release|Any CPU.Build.0 = Release|Any CPU
	EndGlobalSection
	GlobalSection(SolutionProperties) = preSolution
		HideSolutionNode = FALSE
	EndGlobalSection
EndGlobal
